
Microsoft Visual Studio Solution File, Format Version 12.00
# Visual Studio Version 17
VisualStudioVersion = 17.3.32804.467
MinimumVisualStudioVersion = 10.0.40219.1
Project("{FAE04EC0-301F-11D3-BF4B-00C04F79EFBC}") = "HotelManager", "HotelManager\HotelManager.csproj", "{FF365A24-AF50-45FA-B32A-254A63CCE50B}"
EndProject
Project("{FAE04EC0-301F-11D3-BF4B-00C04F79EFBC}") = "DataManagement", "DataManagement\DataManagement.csproj", "{0F41C87C-156E-490C-BF90-EC5C58B1ECE7}"
EndProject
Global
	GlobalSection(SolutionConfigurationPlatforms) = preSolution
		Debug|Any CPU = Debug|Any CPU
		Release|Any CPU = Release|Any CPU
	EndGlobalSection
	GlobalSection(ProjectConfigurationPlatforms) = postSolution
		{FF365A24-AF50-45FA-B32A-254A63CCE50B}.Debug|Any CPU.ActiveCfg = Debug|Any CPU
		{FF365A24-AF50-45FA-B32A-254A63CCE50B}.Debug|Any CPU.Build.0 = Debug|Any CPU
		{FF365A24-AF50-45FA-B32A-254A63CCE50B}.Release|Any CPU.ActiveCfg = Release|Any CPU
		{FF365A24-AF50-45FA-B32A-254A63CCE50B}.Release|Any CPU.Build.0 = Release|Any CPU
		{0F41C87C-156E-490C-BF90-EC5C58B1ECE7}.Debug|Any CPU.ActiveCfg = Debug|Any CPU
		{0F41C87C-156E-490C-BF90-EC5C58B1ECE7}.Debug|Any CPU.Build.0 = Debug|Any CPU
		{0F41C87C-156E-490C-BF90-EC5C58B1ECE7}.Release|Any CPU.ActiveCfg = Release|Any CPU
		{0F41C87C-156E-490C-BF90-EC5C58B1ECE7}.Release|Any CPU.Build.0 = Release|Any CPU
	EndGlobalSection
	GlobalSection(SolutionProperties) = preSolution
		HideSolutionNode = FALSE
	EndGlobalSection
	GlobalSection(ExtensibilityGlobals) = postSolution
		SolutionGuid = {2C41CD39-084D-46D1-ADB1-1C6EFF83A3B5}
	EndGlobalSection
EndGlobal
